
Microsoft Visual Studio Solution File, Format Version 12.00
# Visual Studio Version 17
VisualStudioVersion = 17.4.33403.182
MinimumVisualStudioVersion = 10.0.40219.1
Project("{FAE04EC0-301F-11D3-BF4B-00C04F79EFBC}") = "Homework-13", "Homework-13\Homework-13.csproj", "{17065E55-9A40-4909-B45E-3FB3B7FC43C3}"
EndProject
Global
	GlobalSection(SolutionConfigurationPlatforms) = preSolution
		Debug|Any CPU = Debug|Any CPU
		Release|Any CPU = Release|Any CPU
	EndGlobalSection
	GlobalSection(ProjectConfigurationPlatforms) = postSolution
		{17065E55-9A40-4909-B45E-3FB3B7FC43C3}.Debug|Any CPU.ActiveCfg = Debug|Any CPU
		{17065E55-9A40-4909-B45E-3FB3B7FC43C3}.Debug|Any CPU.Build.0 = Debug|Any CPU
		{17065E55-9A40-4909-B45E-3FB3B7FC43C3}.Release|Any CPU.ActiveCfg = Release|Any CPU
		{17065E55-9A40-4909-B45E-3FB3B7FC43C3}.Release|Any CPU.Build.0 = Release|Any CPU
	EndGlobalSection
	GlobalSection(SolutionProperties) = preSolution
		HideSolutionNode = FALSE
	EndGlobalSection
	GlobalSection(ExtensibilityGlobals) = postSolution
		SolutionGuid = {0BBE18D2-6ED0-4115-A76A-1A018DC89EC4}
	EndGlobalSection
EndGlobal
